
Microsoft Visual Studio Solution File, Format Version 12.00
# Visual Studio 2017
Project("{FAE04EC0-301F-11D3-BF4B-00C04F79EFBC}") = "Game Jam 2018 - Slinky Game [Montage]", "Game Jam 2018 - Slinky Game [Montage].csproj", "{2CCC76AB-7E2C-486A-4C3C-A6F662602AFE}"
EndProject
Project("{FAE04EC0-301F-11D3-BF4B-00C04F79EFBC}") = "Game Jam 2018 - Slinky Game [Montage].Plugins", "Game Jam 2018 - Slinky Game [Montage].Plugins.csproj", "{64ACA5EF-9405-C20B-0E48-EB81468CEF3A}"
EndProject
Project("{FAE04EC0-301F-11D3-BF4B-00C04F79EFBC}") = "Game Jam 2018 - Slinky Game [Montage].Editor", "Game Jam 2018 - Slinky Game [Montage].Editor.csproj", "{77287FBE-9D2C-1FD9-89ED-A8384817098C}"
EndProject
Project("{FAE04EC0-301F-11D3-BF4B-00C04F79EFBC}") = "Game Jam 2018 - Slinky Game [Montage].Editor.Plugins", "Game Jam 2018 - Slinky Game [Montage].Editor.Plugins.csproj", "{6868B34C-84DC-5121-3FD3-EA8BE1074F3E}"
EndProject
Global
	GlobalSection(SolutionConfigurationPlatforms) = preSolution
		Debug|Any CPU = Debug|Any CPU
		Release|Any CPU = Release|Any CPU
	EndGlobalSection
	GlobalSection(ProjectConfigurationPlatforms) = postSolution
		{2CCC76AB-7E2C-486A-4C3C-A6F662602AFE}.Debug|Any CPU.ActiveCfg = Debug|Any CPU
		{2CCC76AB-7E2C-486A-4C3C-A6F662602AFE}.Debug|Any CPU.Build.0 = Debug|Any CPU
		{2CCC76AB-7E2C-486A-4C3C-A6F662602AFE}.Release|Any CPU.ActiveCfg = Release|Any CPU
		{2CCC76AB-7E2C-486A-4C3C-A6F662602AFE}.Release|Any CPU.Build.0 = Release|Any CPU
		{64ACA5EF-9405-C20B-0E48-EB81468CEF3A}.Debug|Any CPU.ActiveCfg = Debug|Any CPU
		{64ACA5EF-9405-C20B-0E48-EB81468CEF3A}.Debug|Any CPU.Build.0 = Debug|Any CPU
		{64ACA5EF-9405-C20B-0E48-EB81468CEF3A}.Release|Any CPU.ActiveCfg = Release|Any CPU
		{64ACA5EF-9405-C20B-0E48-EB81468CEF3A}.Release|Any CPU.Build.0 = Release|Any CPU
		{77287FBE-9D2C-1FD9-89ED-A8384817098C}.Debug|Any CPU.ActiveCfg = Debug|Any CPU
		{77287FBE-9D2C-1FD9-89ED-A8384817098C}.Debug|Any CPU.Build.0 = Debug|Any CPU
		{77287FBE-9D2C-1FD9-89ED-A8384817098C}.Release|Any CPU.ActiveCfg = Release|Any CPU
		{77287FBE-9D2C-1FD9-89ED-A8384817098C}.Release|Any CPU.Build.0 = Release|Any CPU
		{6868B34C-84DC-5121-3FD3-EA8BE1074F3E}.Debug|Any CPU.ActiveCfg = Debug|Any CPU
		{6868B34C-84DC-5121-3FD3-EA8BE1074F3E}.Debug|Any CPU.Build.0 = Debug|Any CPU
		{6868B34C-84DC-5121-3FD3-EA8BE1074F3E}.Release|Any CPU.ActiveCfg = Release|Any CPU
		{6868B34C-84DC-5121-3FD3-EA8BE1074F3E}.Release|Any CPU.Build.0 = Release|Any CPU
	EndGlobalSection
	GlobalSection(SolutionProperties) = preSolution
		HideSolutionNode = FALSE
	EndGlobalSection
EndGlobal
